{
    "_readme": [
        "This file locks the dependencies of your project to a known state",
        "Read more about it at http://getcomposer.org/doc/01-basic-usage.md#composer-lock-the-lock-file",
        "This file is @generated automatically"
    ],
    "hash": "cd01803b4805473bd48ff766503d088a",
    "packages": [
        {
            "name": "danielstjules/stringy",
            "version": "dev-master",
            "source": {
                "type": "git",
                "url": "https://github.com/danielstjules/Stringy.git",
                "reference": "9d1073f4f5069e19f673552962e2cba4b130f1b1"
            },
            "dist": {
                "type": "zip",
                "url": "https://api.github.com/repos/danielstjules/Stringy/zipball/9d1073f4f5069e19f673552962e2cba4b130f1b1",
                "reference": "9d1073f4f5069e19f673552962e2cba4b130f1b1",
                "shasum": ""
            },
            "require": {
                "ext-mbstring": "*",
                "php": ">=5.3.0"
            },
            "require-dev": {
                "phpunit/phpunit": "~4.0"
            },
            "type": "library",
            "autoload": {
                "psr-4": {
                    "Stringy\\": "src/"
                },
                "files": [
                    "src/Create.php"
                ]
            },
            "notification-url": "https://packagist.org/downloads/",
            "license": [
                "MIT"
            ],
            "authors": [
                {
                    "name": "Daniel St. Jules",
                    "email": "danielst.jules@gmail.com",
                    "homepage": "http://www.danielstjules.com"
                }
            ],
            "description": "A string manipulation library with multibyte support",
            "homepage": "https://github.com/danielstjules/Stringy",
            "keywords": [
                "UTF",
                "helpers",
                "manipulation",
                "methods",
                "multibyte",
                "string",
                "utf-8",
                "utility",
                "utils"
            ],
            "time": "2015-04-16 17:10:55"
        },
        {
            "name": "robmorgan/phinx",
            "version": "dev-master",
            "source": {
                "type": "git",
                "url": "https://github.com/robmorgan/phinx.git",
                "reference": "f6be670d9f73b463539f52bf5389f6e412b5049b"
            },
            "dist": {
                "type": "zip",
                "url": "https://api.github.com/repos/robmorgan/phinx/zipball/f6be670d9f73b463539f52bf5389f6e412b5049b",
                "reference": "f6be670d9f73b463539f52bf5389f6e412b5049b",
                "shasum": ""
            },
            "require": {
                "php": ">=5.3.2",
                "symfony/config": "~2.6.0",
                "symfony/console": "~2.6.0",
                "symfony/yaml": "~2.6.0"
            },
            "require-dev": {
                "phpunit/phpunit": "3.7.*",
                "squizlabs/php_codesniffer": "dev-phpcs-fixer"
            },
            "bin": [
                "bin/phinx"
            ],
            "type": "library",
            "autoload": {
                "psr-4": {
                    "Phinx\\": "src/Phinx"
                }
            },
            "notification-url": "https://packagist.org/downloads/",
            "license": [
                "MIT"
            ],
            "authors": [
                {
                    "name": "Rob Morgan",
                    "email": "robbym@gmail.com",
                    "homepage": "http://robmorgan.id.au",
                    "role": "Lead Developer"
                },
                {
                    "name": "Woody Gilk",
                    "email": "woody.gilk@gmail.com",
                    "homepage": "http://shadowhand.me",
                    "role": "Developer"
                }
            ],
            "description": "Phinx makes it ridiculously easy to manage the database migrations for your PHP app.",
            "homepage": "https://phinx.org",
            "keywords": [
                "database",
                "database migrations",
                "db",
                "migrations",
                "phinx"
            ],
            "time": "2015-02-23 16:39:42"
        },
        {
            "name": "sqrt-pro/db",
            "version": "0.0.x-dev",
            "source": {
                "type": "git",
                "url": "https://github.com/sqrt-pro/DB.git",
                "reference": "256276ee6ac6ddc09d941aa6a40f2d371b3c0498"
            },
            "dist": {
                "type": "zip",
                "url": "https://api.github.com/repos/sqrt-pro/DB/zipball/256276ee6ac6ddc09d941aa6a40f2d371b3c0498",
                "reference": "256276ee6ac6ddc09d941aa6a40f2d371b3c0498",
                "shasum": ""
            },
            "require": {
                "danielstjules/stringy": "dev-master",
                "php": ">=5.3.0",
                "robmorgan/phinx": "*",
                "sqrt-pro/exception": "dev-master",
                "sqrt-pro/helpers": "dev-master",
                "sqrt-pro/image": "dev-master",
                "sqrt-pro/query-builder": "dev-master",
                "sqrt-pro/url": "dev-master"
            },
            "require-dev": {
                "satooshi/php-coveralls": "dev-master"
            },
            "type": "library",
            "extra": {
                "branch-alias": {
                    "dev-master": "0.1-dev"
                }
            },
            "autoload": {
                "psr-0": {
                    "SQRT": "src"
                }
            },
            "notification-url": "https://packagist.org/downloads/",
            "license": [
                "MIT"
            ],
            "description": "DB is part of SQRT Framework",
            "homepage": "http://fw.sqrt.pro",
            "time": "2015-04-07 22:28:35"
        },
        {
            "name": "sqrt-pro/exception",
            "version": "dev-master",
            "source": {
                "type": "git",
                "url": "https://github.com/sqrt-pro/Exception.git",
                "reference": "4e5ce05350b24df3605c2654606a253511f6a612"
            },
            "dist": {
                "type": "zip",
                "url": "https://api.github.com/repos/sqrt-pro/Exception/zipball/4e5ce05350b24df3605c2654606a253511f6a612",
                "reference": "4e5ce05350b24df3605c2654606a253511f6a612",
                "shasum": ""
            },
            "require": {
                "php": ">=5.3.0"
            },
            "type": "library",
            "autoload": {
                "psr-0": {
                    "SQRT": "src"
                }
            },
            "notification-url": "https://packagist.org/downloads/",
            "license": [
                "MIT"
            ],
            "description": "Basic Exception class is a part of SQRT Framework",
            "homepage": "http://fw.sqrt.pro",
            "time": "2014-09-16 09:35:10"
        },
        {
            "name": "sqrt-pro/helpers",
            "version": "dev-master",
            "source": {
                "type": "git",
                "url": "https://github.com/sqrt-pro/Helpers.git",
                "reference": "90e91b21261a0dc804c0d0b05e7fc601d5c470fa"
            },
            "dist": {
                "type": "zip",
                "url": "https://api.github.com/repos/sqrt-pro/Helpers/zipball/90e91b21261a0dc804c0d0b05e7fc601d5c470fa",
                "reference": "90e91b21261a0dc804c0d0b05e7fc601d5c470fa",
                "shasum": ""
            },
            "require": {
                "php": ">=5.3.0"
            },
            "require-dev": {
                "satooshi/php-coveralls": "dev-master"
            },
            "type": "library",
            "extra": {
                "branch-alias": {
                    "dev-master": "0.1-dev"
                }
            },
            "autoload": {
                "psr-0": {
                    "SQRT": "src"
                }
            },
            "notification-url": "https://packagist.org/downloads/",
            "license": [
                "MIT"
            ],
            "description": "Helpers is part of SQRT Framework",
            "homepage": "http://fw.sqrt.pro",
            "time": "2015-04-15 14:07:36"
        },
        {
            "name": "sqrt-pro/image",
            "version": "dev-master",
            "source": {
                "type": "git",
                "url": "https://github.com/sqrt-pro/Image.git",
                "reference": "cd80122be79ff034a154bcfcd13d4e43bccea6d1"
            },
            "dist": {
                "type": "zip",
                "url": "https://api.github.com/repos/sqrt-pro/Image/zipball/cd80122be79ff034a154bcfcd13d4e43bccea6d1",
                "reference": "cd80122be79ff034a154bcfcd13d4e43bccea6d1",
                "shasum": ""
            },
            "require": {
                "ext-gd": "*",
                "php": ">=5.3.0",
                "sqrt-pro/exception": "dev-master"
            },
            "type": "library",
            "autoload": {
                "psr-0": {
                    "SQRT": "src"
                }
            },
            "notification-url": "https://packagist.org/downloads/",
            "license": [
                "MIT"
            ],
            "authors": [
                {
                    "name": "Igor Osharin",
                    "email": "igor@osharin.ru",
                    "homepage": "http://igor.osharin.ru"
                }
            ],
            "description": "Image is part of SQRT Framework",
            "homepage": "http://fw.sqrt.pro",
            "time": "2015-05-05 18:28:08"
        },
        {
            "name": "sqrt-pro/query-builder",
            "version": "dev-master",
            "source": {
                "type": "git",
                "url": "https://github.com/sqrt-pro/QueryBuilder.git",
                "reference": "92af03118d572792d135a0d0a191a3e2e0e1eed0"
            },
            "dist": {
                "type": "zip",
                "url": "https://api.github.com/repos/sqrt-pro/QueryBuilder/zipball/92af03118d572792d135a0d0a191a3e2e0e1eed0",
                "reference": "92af03118d572792d135a0d0a191a3e2e0e1eed0",
                "shasum": ""
            },
            "require": {
                "php": ">=5.3.0"
            },
            "require-dev": {
                "satooshi/php-coveralls": "dev-master"
            },
            "type": "library",
            "extra": {
                "branch-alias": {
                    "dev-master": "0.1-dev"
                }
            },
            "autoload": {
                "psr-0": {
                    "SQRT": "src"
                }
            },
            "notification-url": "https://packagist.org/downloads/",
            "license": [
                "MIT"
            ],
            "description": "Query Builder is a part of SQRT Framework",
            "homepage": "http://fw.sqrt.pro",
            "time": "2015-03-24 16:05:17"
        },
        {
            "name": "sqrt-pro/tag",
            "version": "dev-master",
            "source": {
                "type": "git",
                "url": "https://github.com/sqrt-pro/Tag.git",
                "reference": "b8cbdfd2cd66609f636805a71cf1e294029caea1"
            },
            "dist": {
                "type": "zip",
                "url": "https://api.github.com/repos/sqrt-pro/Tag/zipball/b8cbdfd2cd66609f636805a71cf1e294029caea1",
                "reference": "b8cbdfd2cd66609f636805a71cf1e294029caea1",
                "shasum": ""
            },
            "require": {
                "php": ">=5.3.0"
            },
            "require-dev": {
                "satooshi/php-coveralls": "dev-master"
            },
            "type": "library",
            "extra": {
                "branch-alias": {
                    "dev-master": "0.1-dev"
                }
            },
            "autoload": {
                "psr-0": {
                    "SQRT": "src"
                }
            },
            "notification-url": "https://packagist.org/downloads/",
            "license": [
                "MIT"
            ],
            "description": "Tag is part of SQRT Framework",
            "homepage": "http://fw.sqrt.pro",
            "time": "2015-04-07 20:51:02"
        },
        {
            "name": "sqrt-pro/url",
            "version": "dev-master",
            "source": {
                "type": "git",
                "url": "https://github.com/sqrt-pro/URL.git",
                "reference": "ac5ad32fedbd4e9d7a3e61896471fa2c66a1ab0b"
            },
            "dist": {
                "type": "zip",
                "url": "https://api.github.com/repos/sqrt-pro/URL/zipball/ac5ad32fedbd4e9d7a3e61896471fa2c66a1ab0b",
                "reference": "ac5ad32fedbd4e9d7a3e61896471fa2c66a1ab0b",
                "shasum": ""
            },
            "require": {
                "php": ">=5.3.0",
                "sqrt-pro/helpers": "dev-master",
                "sqrt-pro/tag": "dev-master",
                "true/punycode": "~1.0"
            },
            "require-dev": {
                "satooshi/php-coveralls": "dev-master"
            },
            "type": "library",
            "extra": {
                "branch-alias": {
                    "dev-master": "0.1-dev"
                }
            },
            "autoload": {
                "psr-0": {
                    "SQRT": "src"
                }
            },
            "notification-url": "https://packagist.org/downloads/",
            "license": [
                "MIT"
            ],
            "description": "SQRT.pro URL is part of SQRT Framework",
            "homepage": "http://fw.sqrt.pro",
            "time": "2015-03-24 14:43:02"
        },
        {
            "name": "symfony/config",
            "version": "2.6.x-dev",
            "target-dir": "Symfony/Component/Config",
            "source": {
                "type": "git",
                "url": "https://github.com/symfony/Config.git",
                "reference": "2696c5bc7c31485a482c10865d713de9fcc7aa31"
            },
            "dist": {
                "type": "zip",
                "url": "https://api.github.com/repos/symfony/Config/zipball/2696c5bc7c31485a482c10865d713de9fcc7aa31",
                "reference": "2696c5bc7c31485a482c10865d713de9fcc7aa31",
                "shasum": ""
            },
            "require": {
                "php": ">=5.3.3",
                "symfony/filesystem": "~2.3"
            },
            "require-dev": {
                "symfony/phpunit-bridge": "~2.7"
            },
            "type": "library",
            "extra": {
                "branch-alias": {
                    "dev-master": "2.6-dev"
                }
            },
            "autoload": {
                "psr-0": {
                    "Symfony\\Component\\Config\\": ""
                }
            },
            "notification-url": "https://packagist.org/downloads/",
            "license": [
                "MIT"
            ],
            "authors": [
                {
                    "name": "Fabien Potencier",
                    "email": "fabien@symfony.com"
                },
                {
                    "name": "Symfony Community",
                    "homepage": "https://symfony.com/contributors"
                }
            ],
            "description": "Symfony Config Component",
            "homepage": "https://symfony.com",
            "time": "2015-05-15 13:32:45"
        },
        {
            "name": "symfony/console",
            "version": "2.6.x-dev",
            "target-dir": "Symfony/Component/Console",
            "source": {
                "type": "git",
                "url": "https://github.com/symfony/Console.git",
                "reference": "8e89c40a2664c78a19f37e11b18b1099c9f098f2"
            },
            "dist": {
                "type": "zip",
                "url": "https://api.github.com/repos/symfony/Console/zipball/8e89c40a2664c78a19f37e11b18b1099c9f098f2",
                "reference": "8e89c40a2664c78a19f37e11b18b1099c9f098f2",
                "shasum": ""
            },
            "require": {
                "php": ">=5.3.3"
            },
            "require-dev": {
                "psr/log": "~1.0",
                "symfony/event-dispatcher": "~2.1",
                "symfony/phpunit-bridge": "~2.7",
                "symfony/process": "~2.1"
            },
            "suggest": {
                "psr/log": "For using the console logger",
                "symfony/event-dispatcher": "",
                "symfony/process": ""
            },
            "type": "library",
            "extra": {
                "branch-alias": {
                    "dev-master": "2.6-dev"
                }
            },
            "autoload": {
                "psr-0": {
                    "Symfony\\Component\\Console\\": ""
                }
            },
            "notification-url": "https://packagist.org/downloads/",
            "license": [
                "MIT"
            ],
            "authors": [
                {
                    "name": "Fabien Potencier",
                    "email": "fabien@symfony.com"
                },
                {
                    "name": "Symfony Community",
                    "homepage": "https://symfony.com/contributors"
                }
            ],
            "description": "Symfony Console Component",
            "homepage": "https://symfony.com",
            "time": "2015-05-16 13:04:19"
        },
        {
            "name": "symfony/filesystem",
            "version": "2.8.x-dev",
            "source": {
                "type": "git",
                "url": "https://github.com/symfony/Filesystem.git",
                "reference": "45cc231f1ecac70a8790bf1c88a823af8ce57056"
            },
            "dist": {
                "type": "zip",
                "url": "https://api.github.com/repos/symfony/Filesystem/zipball/45cc231f1ecac70a8790bf1c88a823af8ce57056",
                "reference": "45cc231f1ecac70a8790bf1c88a823af8ce57056",
                "shasum": ""
            },
            "require": {
                "php": ">=5.3.9"
            },
            "require-dev": {
                "symfony/phpunit-bridge": "~2.7|~3.0.0"
            },
            "type": "library",
            "extra": {
                "branch-alias": {
                    "dev-master": "2.8-dev"
                }
            },
            "autoload": {
                "psr-4": {
                    "Symfony\\Component\\Filesystem\\": ""
                }
            },
            "notification-url": "https://packagist.org/downloads/",
            "license": [
                "MIT"
            ],
            "authors": [
                {
                    "name": "Fabien Potencier",
                    "email": "fabien@symfony.com"
                },
                {
                    "name": "Symfony Community",
                    "homepage": "https://symfony.com/contributors"
                }
            ],
            "description": "Symfony Filesystem Component",
            "homepage": "https://symfony.com",
            "time": "2015-05-15 14:11:12"
        },
        {
            "name": "symfony/http-foundation",
            "version": "2.8.x-dev",
            "source": {
                "type": "git",
                "url": "https://github.com/symfony/HttpFoundation.git",
                "reference": "06aa08b5d9157abc10bee99712124b8b994d4259"
            },
            "dist": {
                "type": "zip",
                "url": "https://api.github.com/repos/symfony/HttpFoundation/zipball/06aa08b5d9157abc10bee99712124b8b994d4259",
                "reference": "06aa08b5d9157abc10bee99712124b8b994d4259",
                "shasum": ""
            },
            "require": {
                "php": ">=5.3.9"
            },
            "require-dev": {
                "symfony/expression-language": "~2.4|~3.0.0",
                "symfony/phpunit-bridge": "~2.7|~3.0.0"
            },
            "type": "library",
            "extra": {
                "branch-alias": {
                    "dev-master": "2.8-dev"
                }
            },
            "autoload": {
                "psr-4": {
                    "Symfony\\Component\\HttpFoundation\\": ""
                },
                "classmap": [
                    "Resources/stubs"
                ]
            },
            "notification-url": "https://packagist.org/downloads/",
            "license": [
                "MIT"
            ],
            "authors": [
                {
                    "name": "Fabien Potencier",
                    "email": "fabien@symfony.com"
                },
                {
                    "name": "Symfony Community",
                    "homepage": "https://symfony.com/contributors"
                }
            ],
            "description": "Symfony HttpFoundation Component",
            "homepage": "https://symfony.com",
            "time": "2015-05-15 14:11:12"
        },
        {
            "name": "symfony/yaml",
            "version": "2.6.x-dev",
            "target-dir": "Symfony/Component/Yaml",
            "source": {
                "type": "git",
                "url": "https://github.com/symfony/Yaml.git",
                "reference": "f157ab074e453ecd4c0fa775f721f6e67a99d9e2"
            },
            "dist": {
                "type": "zip",
                "url": "https://api.github.com/repos/symfony/Yaml/zipball/f157ab074e453ecd4c0fa775f721f6e67a99d9e2",
                "reference": "f157ab074e453ecd4c0fa775f721f6e67a99d9e2",
                "shasum": ""
            },
            "require": {
                "php": ">=5.3.3"
            },
            "require-dev": {
                "symfony/phpunit-bridge": "~2.7"
            },
            "type": "library",
            "extra": {
                "branch-alias": {
                    "dev-master": "2.6-dev"
                }
            },
            "autoload": {
                "psr-0": {
                    "Symfony\\Component\\Yaml\\": ""
                }
            },
            "notification-url": "https://packagist.org/downloads/",
            "license": [
                "MIT"
            ],
            "authors": [
                {
                    "name": "Fabien Potencier",
                    "email": "fabien@symfony.com"
                },
                {
                    "name": "Symfony Community",
                    "homepage": "https://symfony.com/contributors"
                }
            ],
            "description": "Symfony Yaml Component",
            "homepage": "https://symfony.com",
            "time": "2015-05-02 15:18:45"
        },
        {
            "name": "true/punycode",
            "version": "1.1.0",
            "source": {
                "type": "git",
                "url": "https://github.com/true/php-punycode.git",
                "reference": "21c0025130b4e2b2d0b7dbe5f86e9e1512507656"
            },
            "dist": {
                "type": "zip",
                "url": "https://api.github.com/repos/true/php-punycode/zipball/21c0025130b4e2b2d0b7dbe5f86e9e1512507656",
                "reference": "21c0025130b4e2b2d0b7dbe5f86e9e1512507656",
                "shasum": ""
            },
            "require": {
                "ext-mbstring": "*",
                "php": ">=5.3.0"
            },
            "require-dev": {
                "phpunit/phpunit": "4.x",
                "satooshi/php-coveralls": "dev-master",
                "squizlabs/php_codesniffer": "~2.0"
            },
            "type": "library",
            "autoload": {
                "psr-4": {
                    "True\\": "src/"
                }
            },
            "notification-url": "https://packagist.org/downloads/",
            "license": [
                "MIT"
            ],
            "authors": [
                {
                    "name": "Renan Gonçalves",
                    "email": "renan.saddam@gmail.com"
                }
            ],
            "description": "A Bootstring encoding of Unicode for Internationalized Domain Names in Applications (IDNA)",
            "homepage": "https://github.com/true/php-punycode",
            "keywords": [
                "idna",
                "punycode"
            ],
            "time": "2015-03-12 16:49:35"
        }
    ],
    "packages-dev": [],
    "aliases": [],
    "minimum-stability": "dev",
    "stability-flags": {
        "sqrt-pro/url": 20
    },
    "prefer-stable": false,
    "prefer-lowest": false,
    "platform": {
        "php": ">=5.3.0"
    },
    "platform-dev": []
}
