{
    "_readme": [
        "This file locks the dependencies of your project to a known state",
        "Read more about it at http://getcomposer.org/doc/01-basic-usage.md#composer-lock-the-lock-file",
        "This file is @generated automatically"
    ],
    "hash": "40f37c163dc59eb0ea6de6404e828f26",
    "packages": [
        {
            "name": "danielstjules/stringy",
            "version": "dev-master",
            "source": {
                "type": "git",
                "url": "https://github.com/danielstjules/Stringy.git",
                "reference": "350d1e6f8e0493739fe9aeb884a12bdb18f629ff"
            },
            "dist": {
                "type": "zip",
                "url": "https://api.github.com/repos/danielstjules/Stringy/zipball/350d1e6f8e0493739fe9aeb884a12bdb18f629ff",
                "reference": "350d1e6f8e0493739fe9aeb884a12bdb18f629ff",
                "shasum": ""
            },
            "require": {
                "php": ">=5.3.0"
            },
            "require-dev": {
                "phpunit/phpunit": "~4.0"
            },
            "type": "library",
            "autoload": {
                "psr-4": {
                    "Stringy\\": "src/"
                }
            },
            "notification-url": "https://packagist.org/downloads/",
            "license": [
                "MIT"
            ],
            "authors": [
                {
                    "name": "Daniel St. Jules",
                    "email": "danielst.jules@gmail.com",
                    "homepage": "http://www.danielstjules.com"
                }
            ],
            "description": "A string manipulation library with multibyte support",
            "homepage": "https://github.com/danielstjules/Stringy",
            "keywords": [
                "UTF",
                "helpers",
                "manipulation",
                "methods",
                "multibyte",
                "string",
                "utf-8",
                "utility",
                "utils"
            ],
            "time": "2014-10-26 14:47:54"
        },
        {
            "name": "psr/log",
            "version": "dev-master",
            "source": {
                "type": "git",
                "url": "https://github.com/php-fig/log.git",
                "reference": "a78d6504ff5d4367497785ab2ade91db3a9fbe11"
            },
            "dist": {
                "type": "zip",
                "url": "https://api.github.com/repos/php-fig/log/zipball/a78d6504ff5d4367497785ab2ade91db3a9fbe11",
                "reference": "a78d6504ff5d4367497785ab2ade91db3a9fbe11",
                "shasum": ""
            },
            "type": "library",
            "extra": {
                "branch-alias": {
                    "dev-master": "1.0.x-dev"
                }
            },
            "autoload": {
                "psr-0": {
                    "Psr\\Log\\": ""
                }
            },
            "notification-url": "https://packagist.org/downloads/",
            "license": [
                "MIT"
            ],
            "authors": [
                {
                    "name": "PHP-FIG",
                    "homepage": "http://www.php-fig.org/"
                }
            ],
            "description": "Common interface for logging libraries",
            "keywords": [
                "log",
                "psr",
                "psr-3"
            ],
            "time": "2014-01-18 15:33:09"
        },
        {
            "name": "robmorgan/phinx",
            "version": "dev-master",
            "source": {
                "type": "git",
                "url": "https://github.com/robmorgan/phinx.git",
                "reference": "357210707c000f50edea802d84b74724ad122478"
            },
            "dist": {
                "type": "zip",
                "url": "https://api.github.com/repos/robmorgan/phinx/zipball/357210707c000f50edea802d84b74724ad122478",
                "reference": "357210707c000f50edea802d84b74724ad122478",
                "shasum": ""
            },
            "require": {
                "php": ">=5.3.2",
                "symfony/class-loader": "~2.6.0",
                "symfony/config": "~2.6.0",
                "symfony/console": "~2.6.0",
                "symfony/yaml": "~2.6.0"
            },
            "require-dev": {
                "phpunit/phpunit": "3.7.*",
                "squizlabs/php_codesniffer": "dev-phpcs-fixer"
            },
            "bin": [
                "bin/phinx"
            ],
            "type": "library",
            "autoload": {
                "psr-0": {
                    "Phinx": "src/"
                }
            },
            "notification-url": "https://packagist.org/downloads/",
            "license": [
                "MIT"
            ],
            "authors": [
                {
                    "name": "Rob Morgan",
                    "email": "robbym@gmail.com",
                    "homepage": "http://robmorgan.id.au",
                    "role": "Lead Developer"
                }
            ],
            "description": "Phinx makes it ridiculously easy to manage the database migrations for your PHP app.",
            "homepage": "https://phinx.org",
            "keywords": [
                "database",
                "database migrations",
                "db",
                "migrations",
                "phinx"
            ],
            "time": "2014-12-23 06:06:14"
        },
        {
            "name": "sqrt-pro/db",
            "version": "dev-master",
            "source": {
                "type": "git",
                "url": "https://github.com/sqrt-pro/DB.git",
                "reference": "3ef586b8d56fa67b371e5c1a0ae75764429d5024"
            },
            "dist": {
                "type": "zip",
                "url": "https://api.github.com/repos/sqrt-pro/DB/zipball/3ef586b8d56fa67b371e5c1a0ae75764429d5024",
                "reference": "3ef586b8d56fa67b371e5c1a0ae75764429d5024",
                "shasum": ""
            },
            "require": {
                "danielstjules/stringy": "dev-master",
                "php": ">=5.3.0",
                "robmorgan/phinx": "*",
                "sqrt-pro/exception": "dev-master",
                "sqrt-pro/helpers": "dev-master",
                "sqrt-pro/image": "dev-master",
                "sqrt-pro/query-builder": "dev-master",
                "sqrt-pro/url": "dev-master"
            },
            "type": "library",
            "autoload": {
                "psr-0": {
                    "SQRT": "src"
                }
            },
            "notification-url": "https://packagist.org/downloads/",
            "license": [
                "MIT"
            ],
            "description": "DB is part of SQRT Framework",
            "homepage": "http://fw.sqrt.pro",
            "time": "2014-12-25 11:48:07"
        },
        {
            "name": "sqrt-pro/exception",
            "version": "dev-master",
            "source": {
                "type": "git",
                "url": "https://github.com/sqrt-pro/Exception.git",
                "reference": "4e5ce05350b24df3605c2654606a253511f6a612"
            },
            "dist": {
                "type": "zip",
                "url": "https://api.github.com/repos/sqrt-pro/Exception/zipball/4e5ce05350b24df3605c2654606a253511f6a612",
                "reference": "4e5ce05350b24df3605c2654606a253511f6a612",
                "shasum": ""
            },
            "require": {
                "php": ">=5.3.0"
            },
            "type": "library",
            "autoload": {
                "psr-0": {
                    "SQRT": "src"
                }
            },
            "notification-url": "https://packagist.org/downloads/",
            "license": [
                "MIT"
            ],
            "description": "Basic Exception class is a part of SQRT Framework",
            "homepage": "http://fw.sqrt.pro",
            "time": "2014-09-16 09:35:10"
        },
        {
            "name": "sqrt-pro/helpers",
            "version": "dev-master",
            "source": {
                "type": "git",
                "url": "https://github.com/sqrt-pro/Helpers.git",
                "reference": "b99114ba5a71fe30c15aacffd3f5c75dfb18501f"
            },
            "dist": {
                "type": "zip",
                "url": "https://api.github.com/repos/sqrt-pro/Helpers/zipball/b99114ba5a71fe30c15aacffd3f5c75dfb18501f",
                "reference": "b99114ba5a71fe30c15aacffd3f5c75dfb18501f",
                "shasum": ""
            },
            "require": {
                "php": ">=5.3.0"
            },
            "type": "library",
            "autoload": {
                "psr-0": {
                    "SQRT": "src"
                }
            },
            "notification-url": "https://packagist.org/downloads/",
            "license": [
                "MIT"
            ],
            "description": "Helpers is part of SQRT Framework",
            "homepage": "http://fw.sqrt.pro",
            "time": "2014-12-02 05:42:55"
        },
        {
            "name": "sqrt-pro/image",
            "version": "dev-master",
            "source": {
                "type": "git",
                "url": "https://github.com/sqrt-pro/Image.git",
                "reference": "1f6f67495f5f941b9cfabb4afa6af218fcda4bd2"
            },
            "dist": {
                "type": "zip",
                "url": "https://api.github.com/repos/sqrt-pro/Image/zipball/1f6f67495f5f941b9cfabb4afa6af218fcda4bd2",
                "reference": "1f6f67495f5f941b9cfabb4afa6af218fcda4bd2",
                "shasum": ""
            },
            "require": {
                "ext-gd": "*",
                "php": ">=5.3.0",
                "sqrt-pro/exception": "dev-master"
            },
            "type": "library",
            "autoload": {
                "psr-0": {
                    "SQRT": "src"
                }
            },
            "notification-url": "https://packagist.org/downloads/",
            "license": [
                "MIT"
            ],
            "authors": [
                {
                    "name": "Igor Osharin",
                    "email": "igor@osharin.ru",
                    "homepage": "http://igor.osharin.ru"
                }
            ],
            "description": "Image is part of SQRT Framework",
            "homepage": "http://fw.sqrt.pro",
            "time": "2014-12-23 06:20:31"
        },
        {
            "name": "sqrt-pro/query-builder",
            "version": "dev-master",
            "source": {
                "type": "git",
                "url": "https://github.com/sqrt-pro/QueryBuilder.git",
                "reference": "8e1f1738e1268d28352110163eef680ae58f16b8"
            },
            "dist": {
                "type": "zip",
                "url": "https://api.github.com/repos/sqrt-pro/QueryBuilder/zipball/8e1f1738e1268d28352110163eef680ae58f16b8",
                "reference": "8e1f1738e1268d28352110163eef680ae58f16b8",
                "shasum": ""
            },
            "require": {
                "php": ">=5.3.0"
            },
            "type": "library",
            "autoload": {
                "psr-0": {
                    "SQRT": "src"
                }
            },
            "notification-url": "https://packagist.org/downloads/",
            "license": [
                "MIT"
            ],
            "description": "SQL Query Builder is a part of SQRT Framework",
            "homepage": "http://fw.sqrt.pro",
            "time": "2014-12-26 17:17:32"
        },
        {
            "name": "sqrt-pro/tag",
            "version": "dev-master",
            "source": {
                "type": "git",
                "url": "https://github.com/sqrt-pro/Tag.git",
                "reference": "e8e026075563bae12ab6a68a1079225b69e20aaa"
            },
            "dist": {
                "type": "zip",
                "url": "https://api.github.com/repos/sqrt-pro/Tag/zipball/e8e026075563bae12ab6a68a1079225b69e20aaa",
                "reference": "e8e026075563bae12ab6a68a1079225b69e20aaa",
                "shasum": ""
            },
            "require": {
                "php": ">=5.3.0"
            },
            "type": "library",
            "autoload": {
                "psr-0": {
                    "SQRT": "src"
                }
            },
            "notification-url": "https://packagist.org/downloads/",
            "license": [
                "MIT"
            ],
            "description": "SQRT.pro Tag is part of SQRT Framework",
            "homepage": "http://fw.sqrt.pro",
            "time": "2014-12-26 13:09:32"
        },
        {
            "name": "sqrt-pro/url",
            "version": "dev-master",
            "source": {
                "type": "git",
                "url": "https://github.com/sqrt-pro/URL.git",
                "reference": "de1de159379e149fa7e7177724343d971b90f213"
            },
            "dist": {
                "type": "zip",
                "url": "https://api.github.com/repos/sqrt-pro/URL/zipball/de1de159379e149fa7e7177724343d971b90f213",
                "reference": "de1de159379e149fa7e7177724343d971b90f213",
                "shasum": ""
            },
            "require": {
                "php": ">=5.3.0",
                "sqrt-pro/helpers": "dev-master",
                "sqrt-pro/tag": "dev-master",
                "true/punycode": "~1.0"
            },
            "type": "library",
            "autoload": {
                "psr-0": {
                    "SQRT": "src"
                }
            },
            "notification-url": "https://packagist.org/downloads/",
            "license": [
                "MIT"
            ],
            "description": "SQRT.pro URL is part of SQRT Framework",
            "homepage": "http://fw.sqrt.pro",
            "time": "2014-12-02 03:43:48"
        },
        {
            "name": "symfony/class-loader",
            "version": "2.6.x-dev",
            "target-dir": "Symfony/Component/ClassLoader",
            "source": {
                "type": "git",
                "url": "https://github.com/symfony/ClassLoader.git",
                "reference": "b855c55f2fe753fc93cec26f74a4678dda775ab1"
            },
            "dist": {
                "type": "zip",
                "url": "https://api.github.com/repos/symfony/ClassLoader/zipball/b855c55f2fe753fc93cec26f74a4678dda775ab1",
                "reference": "b855c55f2fe753fc93cec26f74a4678dda775ab1",
                "shasum": ""
            },
            "require": {
                "php": ">=5.3.3"
            },
            "require-dev": {
                "symfony/finder": "~2.0,>=2.0.5"
            },
            "type": "library",
            "extra": {
                "branch-alias": {
                    "dev-master": "2.6-dev"
                }
            },
            "autoload": {
                "psr-0": {
                    "Symfony\\Component\\ClassLoader\\": ""
                }
            },
            "notification-url": "https://packagist.org/downloads/",
            "license": [
                "MIT"
            ],
            "authors": [
                {
                    "name": "Symfony Community",
                    "homepage": "http://symfony.com/contributors"
                },
                {
                    "name": "Fabien Potencier",
                    "email": "fabien@symfony.com"
                }
            ],
            "description": "Symfony ClassLoader Component",
            "homepage": "http://symfony.com",
            "time": "2014-12-22 16:44:09"
        },
        {
            "name": "symfony/config",
            "version": "2.6.x-dev",
            "target-dir": "Symfony/Component/Config",
            "source": {
                "type": "git",
                "url": "https://github.com/symfony/Config.git",
                "reference": "48467e09968044a716e03f0543bdcebef577dd8c"
            },
            "dist": {
                "type": "zip",
                "url": "https://api.github.com/repos/symfony/Config/zipball/48467e09968044a716e03f0543bdcebef577dd8c",
                "reference": "48467e09968044a716e03f0543bdcebef577dd8c",
                "shasum": ""
            },
            "require": {
                "php": ">=5.3.3",
                "symfony/filesystem": "~2.3"
            },
            "type": "library",
            "extra": {
                "branch-alias": {
                    "dev-master": "2.6-dev"
                }
            },
            "autoload": {
                "psr-0": {
                    "Symfony\\Component\\Config\\": ""
                }
            },
            "notification-url": "https://packagist.org/downloads/",
            "license": [
                "MIT"
            ],
            "authors": [
                {
                    "name": "Symfony Community",
                    "homepage": "http://symfony.com/contributors"
                },
                {
                    "name": "Fabien Potencier",
                    "email": "fabien@symfony.com"
                }
            ],
            "description": "Symfony Config Component",
            "homepage": "http://symfony.com",
            "time": "2014-12-23 17:36:09"
        },
        {
            "name": "symfony/console",
            "version": "2.6.x-dev",
            "target-dir": "Symfony/Component/Console",
            "source": {
                "type": "git",
                "url": "https://github.com/symfony/Console.git",
                "reference": "8449ebc10c95f4f7e51ebf59232773cf4bf101f5"
            },
            "dist": {
                "type": "zip",
                "url": "https://api.github.com/repos/symfony/Console/zipball/8449ebc10c95f4f7e51ebf59232773cf4bf101f5",
                "reference": "8449ebc10c95f4f7e51ebf59232773cf4bf101f5",
                "shasum": ""
            },
            "require": {
                "php": ">=5.3.3"
            },
            "require-dev": {
                "psr/log": "~1.0",
                "symfony/event-dispatcher": "~2.1",
                "symfony/process": "~2.1"
            },
            "suggest": {
                "psr/log": "For using the console logger",
                "symfony/event-dispatcher": "",
                "symfony/process": ""
            },
            "type": "library",
            "extra": {
                "branch-alias": {
                    "dev-master": "2.6-dev"
                }
            },
            "autoload": {
                "psr-0": {
                    "Symfony\\Component\\Console\\": ""
                }
            },
            "notification-url": "https://packagist.org/downloads/",
            "license": [
                "MIT"
            ],
            "authors": [
                {
                    "name": "Symfony Community",
                    "homepage": "http://symfony.com/contributors"
                },
                {
                    "name": "Fabien Potencier",
                    "email": "fabien@symfony.com"
                }
            ],
            "description": "Symfony Console Component",
            "homepage": "http://symfony.com",
            "time": "2014-12-24 10:55:18"
        },
        {
            "name": "symfony/debug",
            "version": "2.7.x-dev",
            "target-dir": "Symfony/Component/Debug",
            "source": {
                "type": "git",
                "url": "https://github.com/symfony/Debug.git",
                "reference": "daa33041ff13487f5f656f0ea9453ca9e6504f2d"
            },
            "dist": {
                "type": "zip",
                "url": "https://api.github.com/repos/symfony/Debug/zipball/daa33041ff13487f5f656f0ea9453ca9e6504f2d",
                "reference": "daa33041ff13487f5f656f0ea9453ca9e6504f2d",
                "shasum": ""
            },
            "require": {
                "php": ">=5.3.3",
                "psr/log": "~1.0"
            },
            "require-dev": {
                "symfony/http-foundation": "~2.1",
                "symfony/http-kernel": "~2.2"
            },
            "suggest": {
                "symfony/http-foundation": "",
                "symfony/http-kernel": ""
            },
            "type": "library",
            "extra": {
                "branch-alias": {
                    "dev-master": "2.7-dev"
                }
            },
            "autoload": {
                "psr-0": {
                    "Symfony\\Component\\Debug\\": ""
                }
            },
            "notification-url": "https://packagist.org/downloads/",
            "license": [
                "MIT"
            ],
            "authors": [
                {
                    "name": "Symfony Community",
                    "homepage": "http://symfony.com/contributors"
                },
                {
                    "name": "Fabien Potencier",
                    "email": "fabien@symfony.com"
                }
            ],
            "description": "Symfony Debug Component",
            "homepage": "http://symfony.com",
            "time": "2014-12-22 16:45:18"
        },
        {
            "name": "symfony/event-dispatcher",
            "version": "2.7.x-dev",
            "target-dir": "Symfony/Component/EventDispatcher",
            "source": {
                "type": "git",
                "url": "https://github.com/symfony/EventDispatcher.git",
                "reference": "b27ae60d9bf9b4768b3a6f155a4309f2cd991845"
            },
            "dist": {
                "type": "zip",
                "url": "https://api.github.com/repos/symfony/EventDispatcher/zipball/b27ae60d9bf9b4768b3a6f155a4309f2cd991845",
                "reference": "b27ae60d9bf9b4768b3a6f155a4309f2cd991845",
                "shasum": ""
            },
            "require": {
                "php": ">=5.3.3"
            },
            "require-dev": {
                "psr/log": "~1.0",
                "symfony/config": "~2.0,>=2.0.5",
                "symfony/dependency-injection": "~2.6",
                "symfony/expression-language": "~2.6",
                "symfony/stopwatch": "~2.3"
            },
            "suggest": {
                "symfony/dependency-injection": "",
                "symfony/http-kernel": ""
            },
            "type": "library",
            "extra": {
                "branch-alias": {
                    "dev-master": "2.7-dev"
                }
            },
            "autoload": {
                "psr-0": {
                    "Symfony\\Component\\EventDispatcher\\": ""
                }
            },
            "notification-url": "https://packagist.org/downloads/",
            "license": [
                "MIT"
            ],
            "authors": [
                {
                    "name": "Symfony Community",
                    "homepage": "http://symfony.com/contributors"
                },
                {
                    "name": "Fabien Potencier",
                    "email": "fabien@symfony.com"
                }
            ],
            "description": "Symfony EventDispatcher Component",
            "homepage": "http://symfony.com",
            "time": "2014-12-22 16:45:18"
        },
        {
            "name": "symfony/filesystem",
            "version": "2.7.x-dev",
            "target-dir": "Symfony/Component/Filesystem",
            "source": {
                "type": "git",
                "url": "https://github.com/symfony/Filesystem.git",
                "reference": "b394b18ed68d0ec3c87ae8f5f4d80c29d80b3dd8"
            },
            "dist": {
                "type": "zip",
                "url": "https://api.github.com/repos/symfony/Filesystem/zipball/b394b18ed68d0ec3c87ae8f5f4d80c29d80b3dd8",
                "reference": "b394b18ed68d0ec3c87ae8f5f4d80c29d80b3dd8",
                "shasum": ""
            },
            "require": {
                "php": ">=5.3.3"
            },
            "type": "library",
            "extra": {
                "branch-alias": {
                    "dev-master": "2.7-dev"
                }
            },
            "autoload": {
                "psr-0": {
                    "Symfony\\Component\\Filesystem\\": ""
                }
            },
            "notification-url": "https://packagist.org/downloads/",
            "license": [
                "MIT"
            ],
            "authors": [
                {
                    "name": "Symfony Community",
                    "homepage": "http://symfony.com/contributors"
                },
                {
                    "name": "Fabien Potencier",
                    "email": "fabien@symfony.com"
                }
            ],
            "description": "Symfony Filesystem Component",
            "homepage": "http://symfony.com",
            "time": "2014-12-25 23:30:25"
        },
        {
            "name": "symfony/http-foundation",
            "version": "2.7.x-dev",
            "target-dir": "Symfony/Component/HttpFoundation",
            "source": {
                "type": "git",
                "url": "https://github.com/symfony/HttpFoundation.git",
                "reference": "e5489e2a1f5ae2b52b8f6b48688d7d1d8f28cfe2"
            },
            "dist": {
                "type": "zip",
                "url": "https://api.github.com/repos/symfony/HttpFoundation/zipball/e5489e2a1f5ae2b52b8f6b48688d7d1d8f28cfe2",
                "reference": "e5489e2a1f5ae2b52b8f6b48688d7d1d8f28cfe2",
                "shasum": ""
            },
            "require": {
                "php": ">=5.3.3"
            },
            "require-dev": {
                "symfony/expression-language": "~2.4"
            },
            "type": "library",
            "extra": {
                "branch-alias": {
                    "dev-master": "2.7-dev"
                }
            },
            "autoload": {
                "psr-0": {
                    "Symfony\\Component\\HttpFoundation\\": ""
                },
                "classmap": [
                    "Symfony/Component/HttpFoundation/Resources/stubs"
                ]
            },
            "notification-url": "https://packagist.org/downloads/",
            "license": [
                "MIT"
            ],
            "authors": [
                {
                    "name": "Symfony Community",
                    "homepage": "http://symfony.com/contributors"
                },
                {
                    "name": "Fabien Potencier",
                    "email": "fabien@symfony.com"
                }
            ],
            "description": "Symfony HttpFoundation Component",
            "homepage": "http://symfony.com",
            "time": "2014-12-26 10:31:34"
        },
        {
            "name": "symfony/http-kernel",
            "version": "2.7.x-dev",
            "target-dir": "Symfony/Component/HttpKernel",
            "source": {
                "type": "git",
                "url": "https://github.com/symfony/HttpKernel.git",
                "reference": "21a23c2763049e60ec2f13882ec578b8f618f9c4"
            },
            "dist": {
                "type": "zip",
                "url": "https://api.github.com/repos/symfony/HttpKernel/zipball/21a23c2763049e60ec2f13882ec578b8f618f9c4",
                "reference": "21a23c2763049e60ec2f13882ec578b8f618f9c4",
                "shasum": ""
            },
            "require": {
                "php": ">=5.3.3",
                "psr/log": "~1.0",
                "symfony/debug": "~2.6",
                "symfony/event-dispatcher": "~2.5.9|~2.6,>=2.6.2",
                "symfony/http-foundation": "~2.5,>=2.5.4"
            },
            "require-dev": {
                "symfony/browser-kit": "~2.3",
                "symfony/class-loader": "~2.1",
                "symfony/config": "~2.0,>=2.0.5",
                "symfony/console": "~2.3",
                "symfony/css-selector": "~2.0,>=2.0.5",
                "symfony/dependency-injection": "~2.2",
                "symfony/dom-crawler": "~2.0,>=2.0.5",
                "symfony/expression-language": "~2.4",
                "symfony/finder": "~2.0,>=2.0.5",
                "symfony/process": "~2.0,>=2.0.5",
                "symfony/routing": "~2.2",
                "symfony/stopwatch": "~2.3",
                "symfony/templating": "~2.2",
                "symfony/translation": "~2.0,>=2.0.5",
                "symfony/var-dumper": "~2.6"
            },
            "suggest": {
                "symfony/browser-kit": "",
                "symfony/class-loader": "",
                "symfony/config": "",
                "symfony/console": "",
                "symfony/dependency-injection": "",
                "symfony/finder": "",
                "symfony/var-dumper": ""
            },
            "type": "library",
            "extra": {
                "branch-alias": {
                    "dev-master": "2.7-dev"
                }
            },
            "autoload": {
                "psr-0": {
                    "Symfony\\Component\\HttpKernel\\": ""
                }
            },
            "notification-url": "https://packagist.org/downloads/",
            "license": [
                "MIT"
            ],
            "authors": [
                {
                    "name": "Symfony Community",
                    "homepage": "http://symfony.com/contributors"
                },
                {
                    "name": "Fabien Potencier",
                    "email": "fabien@symfony.com"
                }
            ],
            "description": "Symfony HttpKernel Component",
            "homepage": "http://symfony.com",
            "time": "2014-12-25 23:30:25"
        },
        {
            "name": "symfony/yaml",
            "version": "2.6.x-dev",
            "target-dir": "Symfony/Component/Yaml",
            "source": {
                "type": "git",
                "url": "https://github.com/symfony/Yaml.git",
                "reference": "676e87d346467eb6231c9bbec504168eb883aef9"
            },
            "dist": {
                "type": "zip",
                "url": "https://api.github.com/repos/symfony/Yaml/zipball/676e87d346467eb6231c9bbec504168eb883aef9",
                "reference": "676e87d346467eb6231c9bbec504168eb883aef9",
                "shasum": ""
            },
            "require": {
                "php": ">=5.3.3"
            },
            "type": "library",
            "extra": {
                "branch-alias": {
                    "dev-master": "2.6-dev"
                }
            },
            "autoload": {
                "psr-0": {
                    "Symfony\\Component\\Yaml\\": ""
                }
            },
            "notification-url": "https://packagist.org/downloads/",
            "license": [
                "MIT"
            ],
            "authors": [
                {
                    "name": "Symfony Community",
                    "homepage": "http://symfony.com/contributors"
                },
                {
                    "name": "Fabien Potencier",
                    "email": "fabien@symfony.com"
                }
            ],
            "description": "Symfony Yaml Component",
            "homepage": "http://symfony.com",
            "time": "2014-12-22 16:44:09"
        },
        {
            "name": "true/punycode",
            "version": "1.0.1",
            "source": {
                "type": "git",
                "url": "https://github.com/true/php-punycode.git",
                "reference": "59dca474914324763397be2ea3d6ad3bc48f4688"
            },
            "dist": {
                "type": "zip",
                "url": "https://api.github.com/repos/true/php-punycode/zipball/59dca474914324763397be2ea3d6ad3bc48f4688",
                "reference": "59dca474914324763397be2ea3d6ad3bc48f4688",
                "shasum": ""
            },
            "require": {
                "ext-mbstring": "*",
                "php": ">=5.3.0"
            },
            "require-dev": {
                "phpunit/phpunit": "4.x",
                "satooshi/php-coveralls": "dev-master",
                "squizlabs/php_codesniffer": "2.0.x-dev"
            },
            "type": "library",
            "autoload": {
                "psr-4": {
                    "True\\": "src/"
                }
            },
            "notification-url": "https://packagist.org/downloads/",
            "license": [
                "MIT"
            ],
            "authors": [
                {
                    "name": "Renan Gonçalves",
                    "email": "renan.saddam@gmail.com"
                }
            ],
            "description": "A Bootstring encoding of Unicode for Internationalized Domain Names in Applications (IDNA)",
            "homepage": "https://github.com/true/php-punycode",
            "keywords": [
                "idna",
                "punycode"
            ],
            "time": "2014-08-26 14:21:01"
        }
    ],
    "packages-dev": [],
    "aliases": [],
    "minimum-stability": "dev",
    "stability-flags": {
        "sqrt-pro/db": 20,
        "sqrt-pro/url": 20
    },
    "prefer-stable": false,
    "platform": {
        "php": ">=5.3.0"
    },
    "platform-dev": []
}
